#MicroXplorer Configuration settings - do not modify
ADC1.Channel-0\#ChannelRegularConversion=ADC_CHANNEL_4
ADC1.Channel-1\#ChannelRegularConversion=ADC_CHANNEL_5
ADC1.ClockPrescaler=ADC_CLOCK_ASYNC_DIV1
ADC1.ContinuousConvMode=DISABLE
ADC1.DMAContinuousRequests=DISABLE
ADC1.DiscontinuousConvMode=ENABLE
ADC1.EOCSelection=ADC_EOC_SINGLE_CONV
ADC1.IPParameters=Rank-0\#ChannelRegularConversion,Channel-0\#ChannelRegularConversion,SamplingTime-0\#ChannelRegularConversion,NbrOfConversionFlag,master,SelectedChannel,ContinuousConvMode,DMAContinuousRequests,SamplingTimeCommon1,Rank-1\#ChannelRegularConversion,Channel-1\#ChannelRegularConversion,SamplingTime-1\#ChannelRegularConversion,NbrOfConversion,Overrun,EOCSelection,ClockPrescaler,DiscontinuousConvMode,SamplingTimeCommon2
ADC1.NbrOfConversion=2
ADC1.NbrOfConversionFlag=1
ADC1.Overrun=ADC_OVR_DATA_OVERWRITTEN
ADC1.Rank-0\#ChannelRegularConversion=1
ADC1.Rank-1\#ChannelRegularConversion=2
ADC1.SamplingTime-0\#ChannelRegularConversion=ADC_SAMPLINGTIME_COMMON_1
ADC1.SamplingTime-1\#ChannelRegularConversion=ADC_SAMPLINGTIME_COMMON_1
ADC1.SamplingTimeCommon1=ADC_SAMPLETIME_1CYCLE_5
ADC1.SamplingTimeCommon2=ADC_SAMPLETIME_160CYCLES_5
ADC1.SelectedChannel=ADC_CHANNEL_4|ADC_CHANNEL_5
ADC1.master=1
CAD.formats=
CAD.pinconfig=
CAD.provider=
Dma.ADC1.0.Direction=DMA_PERIPH_TO_MEMORY
Dma.ADC1.0.EventEnable=DISABLE
Dma.ADC1.0.Instance=DMA1_Channel3
Dma.ADC1.0.MemDataAlignment=DMA_MDATAALIGN_WORD
Dma.ADC1.0.MemInc=DMA_MINC_ENABLE
Dma.ADC1.0.Mode=DMA_CIRCULAR
Dma.ADC1.0.PeriphDataAlignment=DMA_PDATAALIGN_WORD
Dma.ADC1.0.PeriphInc=DMA_PINC_DISABLE
Dma.ADC1.0.Polarity=HAL_DMAMUX_REQ_GEN_RISING
Dma.ADC1.0.Priority=DMA_PRIORITY_LOW
Dma.ADC1.0.RequestNumber=1
Dma.ADC1.0.RequestParameters=Instance,Direction,PeriphInc,MemInc,PeriphDataAlignment,MemDataAlignment,Mode,Priority,SignalID,Polarity,RequestNumber,SyncSignalID,SyncPolarity,SyncEnable,EventEnable,SyncRequestNumber
Dma.ADC1.0.SignalID=NONE
Dma.ADC1.0.SyncEnable=DISABLE
Dma.ADC1.0.SyncPolarity=HAL_DMAMUX_SYNC_NO_EVENT
Dma.ADC1.0.SyncRequestNumber=1
Dma.ADC1.0.SyncSignalID=NONE
Dma.Request0=ADC1
Dma.Request1=USART2_TX
Dma.RequestsNb=2
Dma.USART2_TX.1.Direction=DMA_MEMORY_TO_PERIPH
Dma.USART2_TX.1.EventEnable=DISABLE
Dma.USART2_TX.1.Instance=DMA1_Channel1
Dma.USART2_TX.1.MemDataAlignment=DMA_MDATAALIGN_BYTE
Dma.USART2_TX.1.MemInc=DMA_MINC_ENABLE
Dma.USART2_TX.1.Mode=DMA_NORMAL
Dma.USART2_TX.1.PeriphDataAlignment=DMA_PDATAALIGN_BYTE
Dma.USART2_TX.1.PeriphInc=DMA_PINC_DISABLE
Dma.USART2_TX.1.Polarity=HAL_DMAMUX_REQ_GEN_RISING
Dma.USART2_TX.1.Priority=DMA_PRIORITY_LOW
Dma.USART2_TX.1.RequestNumber=1
Dma.USART2_TX.1.RequestParameters=Instance,Direction,PeriphInc,MemInc,PeriphDataAlignment,MemDataAlignment,Mode,Priority,SignalID,Polarity,RequestNumber,SyncSignalID,SyncPolarity,SyncEnable,EventEnable,SyncRequestNumber
Dma.USART2_TX.1.SignalID=NONE
Dma.USART2_TX.1.SyncEnable=DISABLE
Dma.USART2_TX.1.SyncPolarity=HAL_DMAMUX_SYNC_NO_EVENT
Dma.USART2_TX.1.SyncRequestNumber=1
Dma.USART2_TX.1.SyncSignalID=NONE
FREERTOS.Events01=focEvent,Dynamic,NULL
FREERTOS.FootprintOK=true
FREERTOS.HEAP_NUMBER=4
FREERTOS.IPParameters=Tasks01,Queues01,FootprintOK,configTOTAL_HEAP_SIZE,configMINIMAL_STACK_SIZE,Timers01,configTIMER_TASK_STACK_DEPTH,configTIMER_QUEUE_LENGTH,HEAP_NUMBER,Events01
FREERTOS.Queues01=i2cQueue,8,uint32_t,0,Dynamic,NULL,NULL
FREERTOS.Tasks01=focTask,24,192,StartFOCTask,Default,NULL,Dynamic,NULL,NULL;msgTask,8,64,StartMsgTask,Default,NULL,Dynamic,NULL,NULL;watchdogTask,8,64,StartWatchDogTask,Default,NULL,Dynamic,NULL,NULL
FREERTOS.Timers01=ledTimer,LedCallback,osTimerPeriodic,Default,NULL,Dynamic,NULL
FREERTOS.configMINIMAL_STACK_SIZE=64
FREERTOS.configTIMER_QUEUE_LENGTH=4
FREERTOS.configTIMER_TASK_STACK_DEPTH=64
FREERTOS.configTOTAL_HEAP_SIZE=2048
File.Version=6
GPIO.groupedBy=Group By Peripherals
I2C1.I2C_Speed_Mode=I2C_Fast
I2C1.IPParameters=Timing,I2C_Speed_Mode
I2C1.Timing=0x00602173
I2C2.DualAddressMode=I2C_DUALADDRESS_DISABLE
I2C2.GeneralCallMode=I2C_GENERALCALL_DISABLE
I2C2.I2C_Speed_Mode=I2C_Fast
I2C2.IPParameters=Timing,I2C_Speed_Mode,OwnAddress,DualAddressMode,GeneralCallMode
I2C2.IPParametersWithoutCheck=OwnAddress
I2C2.OwnAddress=(I2C_SLAVE_ADDR<<1)
I2C2.Timing=0x00602173
KeepUserPlacement=false
LPTIM1.ClockPrescaler=LPTIM_PRESCALER_DIV32
LPTIM1.IPParameters=ClockPrescaler
Mcu.CPN=STM32G031F8P6
Mcu.Family=STM32G0
Mcu.IP0=ADC1
Mcu.IP1=DMA
Mcu.IP10=TIM14
Mcu.IP11=TIM16
Mcu.IP12=TIM17
Mcu.IP13=USART2
Mcu.IP2=FREERTOS
Mcu.IP3=I2C1
Mcu.IP4=I2C2
Mcu.IP5=LPTIM1
Mcu.IP6=NVIC
Mcu.IP7=RCC
Mcu.IP8=SYS
Mcu.IP9=TIM3
Mcu.IPNb=14
Mcu.Name=STM32G031F(4-6-8)Px
Mcu.Package=TSSOP20
Mcu.Pin0=PB7
Mcu.Pin1=PC14-OSC32_IN (PC14)
Mcu.Pin10=PA12 [PA10]
Mcu.Pin11=PA13
Mcu.Pin12=PA14-BOOT0
Mcu.Pin13=PB6
Mcu.Pin14=VP_FREERTOS_VS_CMSIS_V2
Mcu.Pin15=VP_LPTIM1_VS_LPTIM_counterModeInternalClock
Mcu.Pin16=VP_SYS_VS_Systick
Mcu.Pin17=VP_TIM3_VS_ClockSourceINT
Mcu.Pin18=VP_TIM14_VS_ClockSourceINT
Mcu.Pin19=VP_TIM16_VS_ClockSourceINT
Mcu.Pin2=PA2
Mcu.Pin20=VP_TIM17_VS_ClockSourceINT
Mcu.Pin3=PA3
Mcu.Pin4=PA4
Mcu.Pin5=PA5
Mcu.Pin6=PA6
Mcu.Pin7=PA7
Mcu.Pin8=PB1
Mcu.Pin9=PA11 [PA9]
Mcu.PinsNb=21
Mcu.ThirdPartyNb=0
Mcu.UserConstants=I2C_SLAVE_ADDR,0x52;I2C_SLAVE_RX_LEN,3;I2C_SLAVE_TX_LEN,3
Mcu.UserName=STM32G031F8Px
MxCube.Version=6.11.0
MxDb.Version=DB.6.0.110
NVIC.ADC1_IRQn=true\:3\:0\:true\:false\:true\:true\:true\:true\:true
NVIC.DMA1_Channel1_IRQn=true\:3\:0\:true\:false\:true\:true\:false\:true\:true
NVIC.DMA1_Channel2_3_IRQn=true\:3\:0\:true\:false\:true\:true\:false\:true\:true
NVIC.ForceEnableDMAVector=true
NVIC.HardFault_IRQn=true\:0\:0\:false\:false\:true\:false\:false\:false\:false
NVIC.I2C2_IRQn=true\:3\:0\:true\:false\:true\:true\:true\:true\:true
NVIC.LPTIM1_IRQn=true\:3\:0\:false\:false\:true\:true\:true\:true\:true
NVIC.NonMaskableInt_IRQn=true\:0\:0\:false\:false\:true\:false\:false\:false\:false
NVIC.PendSV_IRQn=true\:3\:0\:false\:false\:false\:true\:false\:false\:false
NVIC.SVC_IRQn=true\:0\:0\:false\:false\:false\:false\:false\:false\:true
NVIC.SavedPendsvIrqHandlerGenerated=true
NVIC.SavedSvcallIrqHandlerGenerated=true
NVIC.SavedSystickIrqHandlerGenerated=true
NVIC.SysTick_IRQn=true\:3\:0\:false\:false\:true\:true\:false\:true\:false
NVIC.TIM3_IRQn=true\:3\:0\:false\:false\:true\:true\:true\:true\:true
NVIC.USART2_IRQn=true\:3\:0\:false\:false\:true\:true\:false\:true\:true
PA11\ [PA9].GPIOParameters=GPIO_Pu
PA11\ [PA9].GPIO_Pu=GPIO_NOPULL
PA11\ [PA9].Mode=I2C
PA11\ [PA9].Signal=I2C2_SCL
PA12\ [PA10].GPIOParameters=GPIO_Pu
PA12\ [PA10].GPIO_Pu=GPIO_NOPULL
PA12\ [PA10].Mode=I2C
PA12\ [PA10].Signal=I2C2_SDA
PA13.Mode=Serial_Wire
PA13.Signal=SYS_SWDIO
PA14-BOOT0.Mode=Serial_Wire
PA14-BOOT0.Signal=SYS_SWCLK
PA14-BOOT0__PA15.StandardMode=true
PA2.Mode=Asynchronous
PA2.Signal=USART2_TX
PA3.Mode=Asynchronous
PA3.Signal=USART2_RX
PA4.Mode=IN4
PA4.Signal=ADC1_IN4
PA5.Mode=IN5
PA5.Signal=ADC1_IN5
PA6.Signal=S_TIM16_CH1
PA7.Locked=true
PA7.Signal=S_TIM17_CH1
PB0__PB1__PB2__PA8.StandardMode=true
PB1.Locked=true
PB1.Signal=S_TIM14_CH1
PB3__PB4__PB5__PB6.StandardMode=true
PB6.GPIOParameters=GPIO_Pu
PB6.GPIO_Pu=GPIO_PULLUP
PB6.Locked=true
PB6.Mode=I2C
PB6.Signal=I2C1_SCL
PB7.GPIOParameters=GPIO_Pu
PB7.GPIO_Pu=GPIO_PULLUP
PB7.Locked=true
PB7.Mode=I2C
PB7.Signal=I2C1_SDA
PB7__PB8.StandardMode=true
PC14-OSC32_IN\ (PC14).GPIOParameters=PinState,GPIO_PuPd,GPIO_ModeDefaultOutputPP
PC14-OSC32_IN\ (PC14).GPIO_ModeDefaultOutputPP=GPIO_MODE_OUTPUT_PP
PC14-OSC32_IN\ (PC14).GPIO_PuPd=GPIO_NOPULL
PC14-OSC32_IN\ (PC14).Locked=true
PC14-OSC32_IN\ (PC14).PinState=GPIO_PIN_RESET
PC14-OSC32_IN\ (PC14).Signal=GPIO_Output
PC14-OSC32_IN\ (PC14)__PB9.StandardMode=true
PinOutPanel.RotationAngle=0
ProjectManager.AskForMigrate=true
ProjectManager.BackupPrevious=false
ProjectManager.CompilerOptimize=6
ProjectManager.ComputerToolchain=false
ProjectManager.CoupleFile=true
ProjectManager.CustomerFirmwarePackage=
ProjectManager.DefaultFWLocation=true
ProjectManager.DeletePrevious=true
ProjectManager.DeviceId=STM32G031F8Px
ProjectManager.FirmwarePackage=STM32Cube FW_G0 V1.6.2
ProjectManager.FreePins=false
ProjectManager.HalAssertFull=false
ProjectManager.HeapSize=0x200
ProjectManager.KeepUserCode=true
ProjectManager.LastFirmware=true
ProjectManager.LibraryCopy=1
ProjectManager.MainLocation=Core/Src
ProjectManager.NoMain=false
ProjectManager.PreviousToolchain=STM32CubeIDE
ProjectManager.ProjectBuild=false
ProjectManager.ProjectFileName=MushFOC.ioc
ProjectManager.ProjectName=MushFOC
ProjectManager.ProjectStructure=
ProjectManager.RegisterCallBack=
ProjectManager.StackSize=0x400
ProjectManager.TargetToolchain=STM32CubeIDE
ProjectManager.ToolChainLocation=
ProjectManager.UAScriptAfterPath=
ProjectManager.UAScriptBeforePath=
ProjectManager.UnderRoot=true
ProjectManager.functionlistsort=1-SystemClock_Config-RCC-false-HAL-false,2-MX_GPIO_Init-GPIO-false-HAL-true,3-MX_DMA_Init-DMA-false-HAL-true,4-MX_ADC1_Init-ADC1-false-HAL-true,5-MX_I2C1_Init-I2C1-false-HAL-true,6-MX_I2C2_Init-I2C2-false-HAL-true,7-MX_TIM14_Init-TIM14-false-HAL-true,8-MX_TIM16_Init-TIM16-false-HAL-true,9-MX_TIM17_Init-TIM17-false-HAL-true,10-MX_USART2_UART_Init-USART2-false-HAL-true,11-MX_TIM3_Init-TIM3-false-HAL-true,12-MX_LPTIM1_Init-LPTIM1-false-HAL-true
RCC.ADCFreq_Value=64000000
RCC.AHBFreq_Value=64000000
RCC.APBFreq_Value=64000000
RCC.APBTimFreq_Value=64000000
RCC.CortexFreq_Value=64000000
RCC.EXTERNAL_CLOCK_VALUE=12288000
RCC.FCLKCortexFreq_Value=64000000
RCC.FamilyName=M
RCC.HCLKFreq_Value=64000000
RCC.HSE_VALUE=8000000
RCC.HSI_VALUE=16000000
RCC.I2C1Freq_Value=64000000
RCC.I2S1Freq_Value=64000000
RCC.IPParameters=ADCFreq_Value,AHBFreq_Value,APBFreq_Value,APBTimFreq_Value,CortexFreq_Value,EXTERNAL_CLOCK_VALUE,FCLKCortexFreq_Value,FamilyName,HCLKFreq_Value,HSE_VALUE,HSI_VALUE,I2C1Freq_Value,I2S1Freq_Value,LPTIM1CLockSelection,LPTIM1Freq_Value,LPTIM2Freq_Value,LPUART1Freq_Value,LSCOPinFreq_Value,LSE_VALUE,LSI_VALUE,MCO1PinFreq_Value,PLLP,PLLPoutputFreq_Value,PLLQoutputFreq_Value,PLLRCLKFreq_Value,PWRFreq_Value,SYSCLKFreq_VALUE,SYSCLKSource,TIM1Freq_Value,USART1Freq_Value,VCOInputFreq_Value,VCOOutputFreq_Value
RCC.LPTIM1CLockSelection=RCC_LPTIM1CLKSOURCE_LSI
RCC.LPTIM1Freq_Value=32000
RCC.LPTIM2Freq_Value=64000000
RCC.LPUART1Freq_Value=64000000
RCC.LSCOPinFreq_Value=32000
RCC.LSE_VALUE=32768
RCC.LSI_VALUE=32000
RCC.MCO1PinFreq_Value=64000000
RCC.PLLP=RCC_PLLP_DIV4
RCC.PLLPoutputFreq_Value=32000000
RCC.PLLQoutputFreq_Value=64000000
RCC.PLLRCLKFreq_Value=64000000
RCC.PWRFreq_Value=64000000
RCC.SYSCLKFreq_VALUE=64000000
RCC.SYSCLKSource=RCC_SYSCLKSOURCE_PLLCLK
RCC.TIM1Freq_Value=64000000
RCC.USART1Freq_Value=64000000
RCC.VCOInputFreq_Value=16000000
RCC.VCOOutputFreq_Value=128000000
SH.S_TIM14_CH1.0=TIM14_CH1,PWM Generation1 CH1
SH.S_TIM14_CH1.ConfNb=1
SH.S_TIM16_CH1.0=TIM16_CH1,PWM Generation1 CH1
SH.S_TIM16_CH1.ConfNb=1
SH.S_TIM17_CH1.0=TIM17_CH1,PWM Generation1 CH1
SH.S_TIM17_CH1.ConfNb=1
TIM14.AutoReloadPreload=TIM_AUTORELOAD_PRELOAD_ENABLE
TIM14.Channel=TIM_CHANNEL_1
TIM14.IPParameters=Channel,Prescaler,Period,AutoReloadPreload
TIM14.Period=999
TIM14.Prescaler=1
TIM16.AutoReloadPreload=TIM_AUTORELOAD_PRELOAD_ENABLE
TIM16.Channel=TIM_CHANNEL_1
TIM16.IPParameters=Channel,Prescaler,Period,AutoReloadPreload
TIM16.Period=999
TIM16.Prescaler=1
TIM17.AutoReloadPreload=TIM_AUTORELOAD_PRELOAD_ENABLE
TIM17.Channel=TIM_CHANNEL_1
TIM17.IPParameters=Channel,Period,Prescaler,AutoReloadPreload
TIM17.Period=999
TIM17.Prescaler=1
TIM3.IPParameters=Prescaler,Period
TIM3.Period=4999
TIM3.Prescaler=63
USART2.IPParameters=VirtualMode-Asynchronous,Mode
USART2.Mode=MODE_TX_RX
USART2.VirtualMode-Asynchronous=VM_ASYNC
VP_FREERTOS_VS_CMSIS_V2.Mode=CMSIS_V2
VP_FREERTOS_VS_CMSIS_V2.Signal=FREERTOS_VS_CMSIS_V2
VP_LPTIM1_VS_LPTIM_counterModeInternalClock.Mode=Counts__internal_clock_event_00
VP_LPTIM1_VS_LPTIM_counterModeInternalClock.Signal=LPTIM1_VS_LPTIM_counterModeInternalClock
VP_SYS_VS_Systick.Mode=SysTick
VP_SYS_VS_Systick.Signal=SYS_VS_Systick
VP_TIM14_VS_ClockSourceINT.Mode=Enable_Timer
VP_TIM14_VS_ClockSourceINT.Signal=TIM14_VS_ClockSourceINT
VP_TIM16_VS_ClockSourceINT.Mode=Enable_Timer
VP_TIM16_VS_ClockSourceINT.Signal=TIM16_VS_ClockSourceINT
VP_TIM17_VS_ClockSourceINT.Mode=Enable_Timer
VP_TIM17_VS_ClockSourceINT.Signal=TIM17_VS_ClockSourceINT
VP_TIM3_VS_ClockSourceINT.Mode=Internal
VP_TIM3_VS_ClockSourceINT.Signal=TIM3_VS_ClockSourceINT
board=custom
rtos.0.ip=FREERTOS
